# This file is automatically @generated by Poetry and should not be changed by hand.

[[package]]
name = "dbutils"
version = "3.0.2"
description = "Database connections for multi-threaded environments."
category = "main"
optional = false
python-versions = "*"
files = [
    { file = "DBUtils-3.0.2-py3-none-any.whl", hash = "sha256:7f201108481b9ad6c5c868ec19ee9f50ba9caeac4bae0f483f4f0f50191d4edc" },
    { file = "DBUtils-3.0.2.tar.gz", hash = "sha256:fadeb979e1406dc123e2db9955f314e0d5360f304e0bd6cf047aaa5fc3fdf5b3" },
]

[metadata]
lock-version = "2.0"
python-versions = "*"
content-hash = "ead00619b9bddbcb23769bd78fe48e873779e8c7630da1f17fb8b70f82f948b2"
